<?xml version="1.0" encoding="utf-8"?>
<Project ToolsVersion="4.0" xmlns="http://schemas.microsoft.com/developer/msbuild/2003">
  <ItemGroup>
    <Filter Include="Source">
      <UniqueIdentifier>{616a3bb7-7ebd-47f2-8123-e54cc817b437}</UniqueIdentifier>
    </Filter>
    <Filter Include="Resources">
      <UniqueIdentifier>{0b45401b-d595-4e8b-a50f-c5a6f909e217}</UniqueIdentifier>
    </Filter>
    <Filter Include="Source\Components">
      <UniqueIdentifier>{ab457109-d9a8-49c9-9a38-94915308161b}</UniqueIdentifier>
    </Filter>
    <Filter Include="Source\Systems">
      <UniqueIdentifier>{d2249cca-e857-4003-9e06-55fef705267e}</UniqueIdentifier>
    </Filter>
    <Filter Include="Source\Components\Core">
      <UniqueIdentifier>{a1f52597-f4f8-4f51-b805-be1331a544fb}</UniqueIdentifier>
    </Filter>
    <Filter Include="Source\Components\Visual">
      <UniqueIdentifier>{2b2fafc4-49fe-4e42-b8b8-fac4cf524e5a}</UniqueIdentifier>
    </Filter>
    <Filter Include="Source\Components\Player">
      <UniqueIdentifier>{a149d04f-2f45-4188-9444-81ad62534553}</UniqueIdentifier>
    </Filter>
    <Filter Include="Source\Components\Enemy">
      <UniqueIdentifier>{0e39dd71-be25-4d91-a9b4-44642d41fd88}</UniqueIdentifier>
    </Filter>
    <Filter Include="Source\Systems\Player">
      <UniqueIdentifier>{47d8e370-137a-41c5-bfde-a29bb14d1876}</UniqueIdentifier>
    </Filter>
    <Filter Include="Source\Systems\Core">
      <UniqueIdentifier>{7725cc7a-9c46-4af2-ab63-44bc02014657}</UniqueIdentifier>
    </Filter>
    <Filter Include="Source\Systems\Visual">
      <UniqueIdentifier>{e364e2f6-3575-46a5-849a-191e4fb99421}</UniqueIdentifier>
    </Filter>
    <Filter Include="Source\Systems\Enemy">
      <UniqueIdentifier>{e595b6d0-bcd0-4aeb-8054-c2e1477c4c6f}</UniqueIdentifier>
    </Filter>
    <Filter Include="Source\Systems\Camera">
      <UniqueIdentifier>{4e9455a4-7823-4488-8d35-11214bf88ae8}</UniqueIdentifier>
    </Filter>
    <Filter Include="Source\Core">
      <UniqueIdentifier>{a808b941-089c-4d3f-9493-588ee965dac0}</UniqueIdentifier>
    </Filter>
    <Filter Include="Source\Systems\SceneFlow">
      <UniqueIdentifier>{97a960cf-3e60-4bae-95b0-7d5861a42d0d}</UniqueIdentifier>
    </Filter>
    <Filter Include="Source\Systems\Game">
      <UniqueIdentifier>{a20f9ebf-c34a-4741-8644-3bbee56ee382}</UniqueIdentifier>
    </Filter>
  </ItemGroup>
  <ItemGroup>
    <ClCompile Include="..\Source\Sandbox\main.cpp">
      <Filter>Source</Filter>
    </ClCompile>
    <ClCompile Include="..\Source\Engine\pch.cpp">
      <Filter>Source</Filter>
    </ClCompile>
    <ClCompile Include="..\Source\Sandbox\GameLoader.cpp">
      <Filter>Source</Filter>
    </ClCompile>
  </ItemGroup>
  <ItemGroup>
    <ClInclude Include="..\Source\Sandbox\GameLoader.h">
      <Filter>Source</Filter>
    </ClInclude>
    <ClInclude Include="..\Source\Sandbox\Components\Player\PlayerController.h">
      <Filter>Source\Components\Player</Filter>
    </ClInclude>
    <ClInclude Include="..\Source\Sandbox\Components\Visual\GeometricDesign.h">
      <Filter>Source\Components\Visual</Filter>
    </ClInclude>
    <ClInclude Include="..\Source\Sandbox\Components\Enemy\EnemyStats.h">
      <Filter>Source\Components\Enemy</Filter>
    </ClInclude>
    <ClInclude Include="..\Source\Sandbox\Systems\Player\PlayerActionSystem.h">
      <Filter>Source\Systems\Player</Filter>
    </ClInclude>
    <ClInclude Include="..\Source\Sandbox\Systems\Visual\GeometricRenderSystem.h">
      <Filter>Source\Systems\Visual</Filter>
    </ClInclude>
    <ClInclude Include="..\Source\Sandbox\Components\Player\PlayerMoveData.h">
      <Filter>Source\Components\Player</Filter>
    </ClInclude>
    <ClInclude Include="..\Source\Sandbox\Systems\Player\PlayerMoveSystem.h">
      <Filter>Source\Systems\Player</Filter>
    </ClInclude>
    <ClInclude Include="..\Source\Sandbox\Components\Player\Bullet.h">
      <Filter>Source\Components\Player</Filter>
    </ClInclude>
    <ClInclude Include="..\Source\Sandbox\Systems\Player\BulletSystem.h">
      <Filter>Source\Systems\Player</Filter>
    </ClInclude>
    <ClInclude Include="..\Source\Sandbox\Systems\Camera\CameraFollowSystem.h">
      <Filter>Source\Systems\Camera</Filter>
    </ClInclude>
    <ClInclude Include="..\Source\Sandbox\Systems\Enemy\EnemyMoveSystem.h">
      <Filter>Source\Systems\Enemy</Filter>
    </ClInclude>
    <ClInclude Include="..\Source\Sandbox\Systems\Core\DamageSystem.h">
      <Filter>Source\Systems\Core</Filter>
    </ClInclude>
    <ClInclude Include="..\Source\Sandbox\Components\Core\GameManager.h">
      <Filter>Source\Components\Core</Filter>
    </ClInclude>
    <ClInclude Include="..\Source\Sandbox\Components\Player\PlayerTime.h">
      <Filter>Source\Components\Player</Filter>
    </ClInclude>
    <ClInclude Include="..\Source\Sandbox\Systems\Core\SurvivalSystem.h">
      <Filter>Source\Systems\Core</Filter>
    </ClInclude>
    <ClInclude Include="..\Source\Sandbox\Systems\Visual\FloatingTextSystem.h">
      <Filter>Source\Systems\Visual</Filter>
    </ClInclude>
    <ClInclude Include="..\Source\Sandbox\Components\Visual\FloatingTextAnimation.h">
      <Filter>Source\Components\Visual</Filter>
    </ClInclude>
    <ClInclude Include="..\Source\Sandbox\Systems\Player\PlayerFocusSystem.h">
      <Filter>Source\Systems\Player</Filter>
    </ClInclude>
    <ClInclude Include="..\Source\Sandbox\Systems\Enemy\EnemyUISystem.h">
      <Filter>Source\Systems\Enemy</Filter>
    </ClInclude>
    <ClInclude Include="..\Source\Sandbox\Systems\Player\PlayerHUDSystem.h">
      <Filter>Source\Systems\Player</Filter>
    </ClInclude>
    <ClInclude Include="..\Source\Sandbox\Core\GameSession.h">
      <Filter>Source\Core</Filter>
    </ClInclude>
    <ClInclude Include="..\Source\Sandbox\Systems\SceneFlow\TitleSystem.h">
      <Filter>Source\Systems\SceneFlow</Filter>
    </ClInclude>
    <ClInclude Include="..\Source\Sandbox\Systems\SceneFlow\StageSelectSystem.h">
      <Filter>Source\Systems\SceneFlow</Filter>
    </ClInclude>
    <ClInclude Include="..\Source\Sandbox\Systems\SceneFlow\ResultSystem.h">
      <Filter>Source\Systems\SceneFlow</Filter>
    </ClInclude>
    <ClInclude Include="..\Source\Sandbox\Systems\Game\StageData.h">
      <Filter>Source\Systems\Game</Filter>
    </ClInclude>
    <ClInclude Include="..\Source\Sandbox\Systems\SceneFlow\GameDirectorSystem.h">
      <Filter>Source\Systems\SceneFlow</Filter>
    </ClInclude>
    <ClInclude Include="..\Source\Sandbox\Components\Enemy\BossAI.h">
      <Filter>Source\Components\Enemy</Filter>
    </ClInclude>
    <ClInclude Include="..\Source\Sandbox\Systems\Enemy\EnemyFactory.h">
      <Filter>Source\Systems\Enemy</Filter>
    </ClInclude>
    <ClInclude Include="..\Source\Sandbox\Systems\Enemy\BossSystem.h">
      <Filter>Source\Systems\Enemy</Filter>
    </ClInclude>
    <ClInclude Include="..\Source\Sandbox\Systems\Game\FieldSystem.h">
      <Filter>Source\Systems\Game</Filter>
    </ClInclude>
  </ItemGroup>
</Project>