<?xml version="1.0" encoding="utf-8"?>
<Project ToolsVersion="4.0" xmlns="http://schemas.microsoft.com/developer/msbuild/2003">
  <ItemGroup>
    <Filter Include="Source">
      <UniqueIdentifier>{616a3bb7-7ebd-47f2-8123-e54cc817b437}</UniqueIdentifier>
    </Filter>
    <Filter Include="Resources">
      <UniqueIdentifier>{0b45401b-d595-4e8b-a50f-c5a6f909e217}</UniqueIdentifier>
    </Filter>
    <Filter Include="Source\Components">
      <UniqueIdentifier>{ab457109-d9a8-49c9-9a38-94915308161b}</UniqueIdentifier>
    </Filter>
    <Filter Include="Source\Systems">
      <UniqueIdentifier>{d2249cca-e857-4003-9e06-55fef705267e}</UniqueIdentifier>
    </Filter>
  </ItemGroup>
  <ItemGroup>
    <ClCompile Include="..\Source\Sandbox\main.cpp">
      <Filter>Source</Filter>
    </ClCompile>
    <ClCompile Include="..\Source\Engine\pch.cpp">
      <Filter>Source</Filter>
    </ClCompile>
    <ClCompile Include="..\Source\Sandbox\GameLoader.cpp">
      <Filter>Source</Filter>
    </ClCompile>
  </ItemGroup>
  <ItemGroup>
    <ClInclude Include="..\Source\Sandbox\Systems\PlayerMoveSystem.h">
      <Filter>Source\Systems</Filter>
    </ClInclude>
    <ClInclude Include="..\Source\Sandbox\Components\PlayerMoveData.h">
      <Filter>Source\Components</Filter>
    </ClInclude>
    <ClInclude Include="..\Source\Sandbox\GameLoader.h">
      <Filter>Source</Filter>
    </ClInclude>
  </ItemGroup>
</Project>